
Microsoft Visual Studio Solution File, Format Version 12.00
# Visual Studio 14
VisualStudioVersion = 14.0.25420.1
MinimumVisualStudioVersion = 10.0.40219.1
Project("{FAE04EC0-301F-11D3-BF4B-00C04F79EFBC}") = "IntrinsicsDocs", "Intrinsics\IntrinsicsDocs.csproj", "{520203C7-93FA-41E0-84E7-4110D54FC847}"
EndProject
Project("{FAE04EC0-301F-11D3-BF4B-00C04F79EFBC}") = "ParseTables", "ParseTables\ParseTables.csproj", "{3FBDD26A-FF77-4234-9C60-AC4E6BF481CE}"
EndProject
Global
	GlobalSection(SolutionConfigurationPlatforms) = preSolution
		Debug|Any CPU = Debug|Any CPU
		Release|Any CPU = Release|Any CPU
	EndGlobalSection
	GlobalSection(ProjectConfigurationPlatforms) = postSolution
		{520203C7-93FA-41E0-84E7-4110D54FC847}.Debug|Any CPU.ActiveCfg = Debug|Any CPU
		{520203C7-93FA-41E0-84E7-4110D54FC847}.Debug|Any CPU.Build.0 = Debug|Any CPU
		{520203C7-93FA-41E0-84E7-4110D54FC847}.Release|Any CPU.ActiveCfg = Release|Any CPU
		{520203C7-93FA-41E0-84E7-4110D54FC847}.Release|Any CPU.Build.0 = Release|Any CPU
		{3FBDD26A-FF77-4234-9C60-AC4E6BF481CE}.Debug|Any CPU.ActiveCfg = Debug|Any CPU
		{3FBDD26A-FF77-4234-9C60-AC4E6BF481CE}.Debug|Any CPU.Build.0 = Debug|Any CPU
		{3FBDD26A-FF77-4234-9C60-AC4E6BF481CE}.Release|Any CPU.ActiveCfg = Release|Any CPU
		{3FBDD26A-FF77-4234-9C60-AC4E6BF481CE}.Release|Any CPU.Build.0 = Release|Any CPU
	EndGlobalSection
	GlobalSection(SolutionProperties) = preSolution
		HideSolutionNode = FALSE
	EndGlobalSection
EndGlobal
